# This file is automatically @generated by Cargo.
# It is not intended for manual editing.
version = 4

[[package]]
name = "dabqlite"
version = "0.1.0"
dependencies = [
 "dabqlite-core",
 "dabqlite-host",
]

[[package]]
name = "dabqlite-core"
version = "0.1.0"

[[package]]
name = "dabqlite-host"
version = "0.1.0"
dependencies = [
 "dabqlite-core",
]

[[package]]
name = "kvstore"
version = "0.1.0"
dependencies = [
 "dabqlite",
]
